
Microsoft Visual Studio Solution File, Format Version 12.00
# Visual Studio Version 16
VisualStudioVersion = 16.0.30804.86
MinimumVisualStudioVersion = 10.0.40219.1
Project("{FAE04EC0-301F-11D3-BF4B-00C04F79EFBC}") = "projectPracticeSecond", "projectPracticeSecond\projectPracticeSecond.csproj", "{BF9C393D-0F13-48A2-91CA-865A8FCC427E}"
EndProject
Global
	GlobalSection(SolutionConfigurationPlatforms) = preSolution
		Debug|Any CPU = Debug|Any CPU
		Release|Any CPU = Release|Any CPU
	EndGlobalSection
	GlobalSection(ProjectConfigurationPlatforms) = postSolution
		{BF9C393D-0F13-48A2-91CA-865A8FCC427E}.Debug|Any CPU.ActiveCfg = Debug|Any CPU
		{BF9C393D-0F13-48A2-91CA-865A8FCC427E}.Debug|Any CPU.Build.0 = Debug|Any CPU
		{BF9C393D-0F13-48A2-91CA-865A8FCC427E}.Release|Any CPU.ActiveCfg = Release|Any CPU
		{BF9C393D-0F13-48A2-91CA-865A8FCC427E}.Release|Any CPU.Build.0 = Release|Any CPU
	EndGlobalSection
	GlobalSection(SolutionProperties) = preSolution
		HideSolutionNode = FALSE
	EndGlobalSection
	GlobalSection(ExtensibilityGlobals) = postSolution
		SolutionGuid = {B6CC5F24-8B71-48BC-A627-7626C537B047}
	EndGlobalSection
EndGlobal
